// !$*UTF8*$!
{
	archiveVersion = 1;
	classes = {
	};
	objectVersion = 50;
	objects = {

/* Begin PBXBuildFile section */
		950FF1F52542E210002323FD /* WorldModel.swift in Sources */ = {isa = PBXBuildFile; fileRef = 950FF1F42542E210002323FD /* WorldModel.swift */; };
		950FF1F82542E4CD002323FD /* CountryModel.swift in Sources */ = {isa = PBXBuildFile; fileRef = 950FF1F72542E4CD002323FD /* CountryModel.swift */; };
		950FF1FE2542E715002323FD /* TimelineModel.swift in Sources */ = {isa = PBXBuildFile; fileRef = 950FF1FD2542E715002323FD /* TimelineModel.swift */; };
		950FF2032542F485002323FD /* CountryView.swift in Sources */ = {isa = PBXBuildFile; fileRef = 950FF2022542F485002323FD /* CountryView.swift */; };
		950FF208254303F6002323FD /* NetworkManager.swift in Sources */ = {isa = PBXBuildFile; fileRef = 950FF207254303F6002323FD /* NetworkManager.swift */; };
		950FF20D25430446002323FD /* DataType+Ext.swift in Sources */ = {isa = PBXBuildFile; fileRef = 950FF20C25430446002323FD /* DataType+Ext.swift */; };
		954CDF0F2541E02300969C0A /* OKCovid_SwiftUIApp.swift in Sources */ = {isa = PBXBuildFile; fileRef = 954CDF0E2541E02300969C0A /* OKCovid_SwiftUIApp.swift */; };
		954CDF112541E02300969C0A /* ContentView.swift in Sources */ = {isa = PBXBuildFile; fileRef = 954CDF102541E02300969C0A /* ContentView.swift */; };
		954CDF132541E02800969C0A /* Assets.xcassets in Resources */ = {isa = PBXBuildFile; fileRef = 954CDF122541E02800969C0A /* Assets.xcassets */; };
		954CDF162541E02800969C0A /* Preview Assets.xcassets in Resources */ = {isa = PBXBuildFile; fileRef = 954CDF152541E02800969C0A /* Preview Assets.xcassets */; };
		954CDF422541F6A700969C0A /* TotalStatsVC.swift in Sources */ = {isa = PBXBuildFile; fileRef = 954CDF412541F6A700969C0A /* TotalStatsVC.swift */; };
		954CDF452541F6D000969C0A /* MapStatsVC.swift in Sources */ = {isa = PBXBuildFile; fileRef = 954CDF442541F6D000969C0A /* MapStatsVC.swift */; };
		956C2F04254595B7004BEC41 /* ListCell.swift in Sources */ = {isa = PBXBuildFile; fileRef = 956C2F03254595B7004BEC41 /* ListCell.swift */; };
		956C2F0725459A67004BEC41 /* DailyStatsVC.swift in Sources */ = {isa = PBXBuildFile; fileRef = 956C2F0625459A67004BEC41 /* DailyStatsVC.swift */; };
		95BB427325421BD800EAFA87 /* CurvedSideRectangle.swift in Sources */ = {isa = PBXBuildFile; fileRef = 95BB427225421BD800EAFA87 /* CurvedSideRectangle.swift */; };
		95BB4277254224A300EAFA87 /* HeaderView.swift in Sources */ = {isa = PBXBuildFile; fileRef = 95BB4276254224A300EAFA87 /* HeaderView.swift */; };
		95BB427B25422C8B00EAFA87 /* StatView.swift in Sources */ = {isa = PBXBuildFile; fileRef = 95BB427A25422C8B00EAFA87 /* StatView.swift */; };
		95C7E62B2544498F008E9459 /* MapView.swift in Sources */ = {isa = PBXBuildFile; fileRef = 95C7E62A2544498F008E9459 /* MapView.swift */; };
		95ED4F4C25448105002C8D9D /* MapAnnotationView.swift in Sources */ = {isa = PBXBuildFile; fileRef = 95ED4F4B25448105002C8D9D /* MapAnnotationView.swift */; };
		95ED4F4F2544A67D002C8D9D /* CountryListVC.swift in Sources */ = {isa = PBXBuildFile; fileRef = 95ED4F4E2544A67D002C8D9D /* CountryListVC.swift */; };
		95ED4F522544D07A002C8D9D /* SearchBar.swift in Sources */ = {isa = PBXBuildFile; fileRef = 95ED4F512544D07A002C8D9D /* SearchBar.swift */; };
/* End PBXBuildFile section */

/* Begin PBXFileReference section */
		950FF1F42542E210002323FD /* WorldModel.swift */ = {isa = PBXFileReference; lastKnownFileType = sourcecode.swift; path = WorldModel.swift; sourceTree = "<group>"; };
		950FF1F72542E4CD002323FD /* CountryModel.swift */ = {isa = PBXFileReference; lastKnownFileType = sourcecode.swift; path = CountryModel.swift; sourceTree = "<group>"; };
		950FF1FD2542E715002323FD /* TimelineModel.swift */ = {isa = PBXFileReference; lastKnownFileType = sourcecode.swift; path = TimelineModel.swift; sourceTree = "<group>"; };
		950FF2022542F485002323FD /* CountryView.swift */ = {isa = PBXFileReference; lastKnownFileType = sourcecode.swift; path = CountryView.swift; sourceTree = "<group>"; };
		950FF207254303F6002323FD /* NetworkManager.swift */ = {isa = PBXFileReference; lastKnownFileType = sourcecode.swift; path = NetworkManager.swift; sourceTree = "<group>"; };
		950FF20C25430446002323FD /* DataType+Ext.swift */ = {isa = PBXFileReference; lastKnownFileType = sourcecode.swift; path = "DataType+Ext.swift"; sourceTree = "<group>"; };
		954CDF0B2541E02300969C0A /* OKCovid SwiftUI.app */ = {isa = PBXFileReference; explicitFileType = wrapper.application; includeInIndex = 0; path = "OKCovid SwiftUI.app"; sourceTree = BUILT_PRODUCTS_DIR; };
		954CDF0E2541E02300969C0A /* OKCovid_SwiftUIApp.swift */ = {isa = PBXFileReference; lastKnownFileType = sourcecode.swift; path = OKCovid_SwiftUIApp.swift; sourceTree = "<group>"; };
		954CDF102541E02300969C0A /* ContentView.swift */ = {isa = PBXFileReference; lastKnownFileType = sourcecode.swift; path = ContentView.swift; sourceTree = "<group>"; };
		954CDF122541E02800969C0A /* Assets.xcassets */ = {isa = PBXFileReference; lastKnownFileType = folder.assetcatalog; path = Assets.xcassets; sourceTree = "<group>"; };
		954CDF152541E02800969C0A /* Preview Assets.xcassets */ = {isa = PBXFileReference; lastKnownFileType = folder.assetcatalog; path = "Preview Assets.xcassets"; sourceTree = "<group>"; };
		954CDF172541E02800969C0A /* Info.plist */ = {isa = PBXFileReference; lastKnownFileType = text.plist.xml; path = Info.plist; sourceTree = "<group>"; };
		954CDF412541F6A700969C0A /* TotalStatsVC.swift */ = {isa = PBXFileReference; lastKnownFileType = sourcecode.swift; path = TotalStatsVC.swift; sourceTree = "<group>"; };
		954CDF442541F6D000969C0A /* MapStatsVC.swift */ = {isa = PBXFileReference; lastKnownFileType = sourcecode.swift; path = MapStatsVC.swift; sourceTree = "<group>"; };
		956C2F03254595B7004BEC41 /* ListCell.swift */ = {isa = PBXFileReference; lastKnownFileType = sourcecode.swift; path = ListCell.swift; sourceTree = "<group>"; };
		956C2F0625459A67004BEC41 /* DailyStatsVC.swift */ = {isa = PBXFileReference; lastKnownFileType = sourcecode.swift; path = DailyStatsVC.swift; sourceTree = "<group>"; };
		95BB427225421BD800EAFA87 /* CurvedSideRectangle.swift */ = {isa = PBXFileReference; lastKnownFileType = sourcecode.swift; path = CurvedSideRectangle.swift; sourceTree = "<group>"; };
		95BB4276254224A300EAFA87 /* HeaderView.swift */ = {isa = PBXFileReference; lastKnownFileType = sourcecode.swift; path = HeaderView.swift; sourceTree = "<group>"; };
		95BB427A25422C8B00EAFA87 /* StatView.swift */ = {isa = PBXFileReference; lastKnownFileType = sourcecode.swift; path = StatView.swift; sourceTree = "<group>"; };
		95C7E62A2544498F008E9459 /* MapView.swift */ = {isa = PBXFileReference; lastKnownFileType = sourcecode.swift; path = MapView.swift; sourceTree = "<group>"; };
		95ED4F4B25448105002C8D9D /* MapAnnotationView.swift */ = {isa = PBXFileReference; lastKnownFileType = sourcecode.swift; path = MapAnnotationView.swift; sourceTree = "<group>"; };
		95ED4F4E2544A67D002C8D9D /* CountryListVC.swift */ = {isa = PBXFileReference; lastKnownFileType = sourcecode.swift; path = CountryListVC.swift; sourceTree = "<group>"; };
		95ED4F512544D07A002C8D9D /* SearchBar.swift */ = {isa = PBXFileReference; lastKnownFileType = sourcecode.swift; path = SearchBar.swift; sourceTree = "<group>"; };
/* End PBXFileReference section */

/* Begin PBXFrameworksBuildPhase section */
		954CDF082541E02200969C0A /* Frameworks */ = {
			isa = PBXFrameworksBuildPhase;
			buildActionMask = 2147483647;
			files = (
			);
			runOnlyForDeploymentPostprocessing = 0;
		};
/* End PBXFrameworksBuildPhase section */

/* Begin PBXGroup section */
		950FF206254303DD002323FD /* NetworkManager */ = {
			isa = PBXGroup;
			children = (
				950FF207254303F6002323FD /* NetworkManager.swift */,
			);
			path = NetworkManager;
			sourceTree = "<group>";
		};
		950FF20B25430434002323FD /* Extensions */ = {
			isa = PBXGroup;
			children = (
				950FF20C25430446002323FD /* DataType+Ext.swift */,
			);
			path = Extensions;
			sourceTree = "<group>";
		};
		954CDF022541E02200969C0A = {
			isa = PBXGroup;
			children = (
				954CDF0D2541E02300969C0A /* OKCovid SwiftUI */,
				954CDF0C2541E02300969C0A /* Products */,
			);
			sourceTree = "<group>";
		};
		954CDF0C2541E02300969C0A /* Products */ = {
			isa = PBXGroup;
			children = (
				954CDF0B2541E02300969C0A /* OKCovid SwiftUI.app */,
			);
			name = Products;
			sourceTree = "<group>";
		};
		954CDF0D2541E02300969C0A /* OKCovid SwiftUI */ = {
			isa = PBXGroup;
			children = (
				950FF20B25430434002323FD /* Extensions */,
				95BB426C25421B7300EAFA87 /* Helpers */,
				950FF206254303DD002323FD /* NetworkManager */,
				954CDF3D2541F4E300969C0A /* Model */,
				954CDF3C2541F4DD00969C0A /* View */,
				954CDF3B2541F4D700969C0A /* Controller */,
				954CDF372541F43000969C0A /* Support */,
				954CDF172541E02800969C0A /* Info.plist */,
				954CDF142541E02800969C0A /* Preview Content */,
			);
			path = "OKCovid SwiftUI";
			sourceTree = "<group>";
		};
		954CDF142541E02800969C0A /* Preview Content */ = {
			isa = PBXGroup;
			children = (
				954CDF152541E02800969C0A /* Preview Assets.xcassets */,
			);
			path = "Preview Content";
			sourceTree = "<group>";
		};
		954CDF372541F43000969C0A /* Support */ = {
			isa = PBXGroup;
			children = (
				954CDF0E2541E02300969C0A /* OKCovid_SwiftUIApp.swift */,
				954CDF102541E02300969C0A /* ContentView.swift */,
				954CDF122541E02800969C0A /* Assets.xcassets */,
			);
			path = Support;
			sourceTree = "<group>";
		};
		954CDF3B2541F4D700969C0A /* Controller */ = {
			isa = PBXGroup;
			children = (
				954CDF412541F6A700969C0A /* TotalStatsVC.swift */,
				954CDF442541F6D000969C0A /* MapStatsVC.swift */,
				95ED4F4E2544A67D002C8D9D /* CountryListVC.swift */,
				956C2F0625459A67004BEC41 /* DailyStatsVC.swift */,
			);
			path = Controller;
			sourceTree = "<group>";
		};
		954CDF3C2541F4DD00969C0A /* View */ = {
			isa = PBXGroup;
			children = (
				95BB4276254224A300EAFA87 /* HeaderView.swift */,
				95BB427A25422C8B00EAFA87 /* StatView.swift */,
				950FF2022542F485002323FD /* CountryView.swift */,
				95C7E62A2544498F008E9459 /* MapView.swift */,
				95ED4F4B25448105002C8D9D /* MapAnnotationView.swift */,
				95ED4F512544D07A002C8D9D /* SearchBar.swift */,
				956C2F03254595B7004BEC41 /* ListCell.swift */,
			);
			path = View;
			sourceTree = "<group>";
		};
		954CDF3D2541F4E300969C0A /* Model */ = {
			isa = PBXGroup;
			children = (
				950FF1F42542E210002323FD /* WorldModel.swift */,
				950FF1F72542E4CD002323FD /* CountryModel.swift */,
				950FF1FD2542E715002323FD /* TimelineModel.swift */,
			);
			path = Model;
			sourceTree = "<group>";
		};
		95BB426C25421B7300EAFA87 /* Helpers */ = {
			isa = PBXGroup;
			children = (
				95BB427225421BD800EAFA87 /* CurvedSideRectangle.swift */,
			);
			path = Helpers;
			sourceTree = "<group>";
		};
/* End PBXGroup section */

/* Begin PBXNativeTarget section */
		954CDF0A2541E02200969C0A /* OKCovid SwiftUI */ = {
			isa = PBXNativeTarget;
			buildConfigurationList = 954CDF1A2541E02800969C0A /* Build configuration list for PBXNativeTarget "OKCovid SwiftUI" */;
			buildPhases = (
				954CDF072541E02200969C0A /* Sources */,
				954CDF082541E02200969C0A /* Frameworks */,
				954CDF092541E02200969C0A /* Resources */,
			);
			buildRules = (
			);
			dependencies = (
			);
			name = "OKCovid SwiftUI";
			productName = "OKCovid SwiftUI";
			productReference = 954CDF0B2541E02300969C0A /* OKCovid SwiftUI.app */;
			productType = "com.apple.product-type.application";
		};
/* End PBXNativeTarget section */

/* Begin PBXProject section */
		954CDF032541E02200969C0A /* Project object */ = {
			isa = PBXProject;
			attributes = {
				LastSwiftUpdateCheck = 1200;
				LastUpgradeCheck = 1200;
				TargetAttributes = {
					954CDF0A2541E02200969C0A = {
						CreatedOnToolsVersion = 12.0.1;
					};
				};
			};
			buildConfigurationList = 954CDF062541E02200969C0A /* Build configuration list for PBXProject "OKCovid SwiftUI" */;
			compatibilityVersion = "Xcode 9.3";
			developmentRegion = en;
			hasScannedForEncodings = 0;
			knownRegions = (
				en,
				Base,
			);
			mainGroup = 954CDF022541E02200969C0A;
			productRefGroup = 954CDF0C2541E02300969C0A /* Products */;
			projectDirPath = "";
			projectRoot = "";
			targets = (
				954CDF0A2541E02200969C0A /* OKCovid SwiftUI */,
			);
		};
/* End PBXProject section */

/* Begin PBXResourcesBuildPhase section */
		954CDF092541E02200969C0A /* Resources */ = {
			isa = PBXResourcesBuildPhase;
			buildActionMask = 2147483647;
			files = (
				954CDF162541E02800969C0A /* Preview Assets.xcassets in Resources */,
				954CDF132541E02800969C0A /* Assets.xcassets in Resources */,
			);
			runOnlyForDeploymentPostprocessing = 0;
		};
/* End PBXResourcesBuildPhase section */

/* Begin PBXSourcesBuildPhase section */
		954CDF072541E02200969C0A /* Sources */ = {
			isa = PBXSourcesBuildPhase;
			buildActionMask = 2147483647;
			files = (
				95ED4F4C25448105002C8D9D /* MapAnnotationView.swift in Sources */,
				950FF208254303F6002323FD /* NetworkManager.swift in Sources */,
				954CDF422541F6A700969C0A /* TotalStatsVC.swift in Sources */,
				95BB427B25422C8B00EAFA87 /* StatView.swift in Sources */,
				950FF1F82542E4CD002323FD /* CountryModel.swift in Sources */,
				950FF1FE2542E715002323FD /* TimelineModel.swift in Sources */,
				95BB4277254224A300EAFA87 /* HeaderView.swift in Sources */,
				95ED4F4F2544A67D002C8D9D /* CountryListVC.swift in Sources */,
				95BB427325421BD800EAFA87 /* CurvedSideRectangle.swift in Sources */,
				95C7E62B2544498F008E9459 /* MapView.swift in Sources */,
				956C2F0725459A67004BEC41 /* DailyStatsVC.swift in Sources */,
				950FF1F52542E210002323FD /* WorldModel.swift in Sources */,
				954CDF452541F6D000969C0A /* MapStatsVC.swift in Sources */,
				954CDF112541E02300969C0A /* ContentView.swift in Sources */,
				954CDF0F2541E02300969C0A /* OKCovid_SwiftUIApp.swift in Sources */,
				950FF20D25430446002323FD /* DataType+Ext.swift in Sources */,
				956C2F04254595B7004BEC41 /* ListCell.swift in Sources */,
				95ED4F522544D07A002C8D9D /* SearchBar.swift in Sources */,
				950FF2032542F485002323FD /* CountryView.swift in Sources */,
			);
			runOnlyForDeploymentPostprocessing = 0;
		};
/* End PBXSourcesBuildPhase section */

/* Begin XCBuildConfiguration section */
		954CDF182541E02800969C0A /* Debug */ = {
			isa = XCBuildConfiguration;
			buildSettings = {
				ALWAYS_SEARCH_USER_PATHS = NO;
				CLANG_ANALYZER_NONNULL = YES;
				CLANG_ANALYZER_NUMBER_OBJECT_CONVERSION = YES_AGGRESSIVE;
				CLANG_CXX_LANGUAGE_STANDARD = "gnu++14";
				CLANG_CXX_LIBRARY = "libc++";
				CLANG_ENABLE_MODULES = YES;
				CLANG_ENABLE_OBJC_ARC = YES;
				CLANG_ENABLE_OBJC_WEAK = YES;
				CLANG_WARN_BLOCK_CAPTURE_AUTORELEASING = YES;
				CLANG_WARN_BOOL_CONVERSION = YES;
				CLANG_WARN_COMMA = YES;
				CLANG_WARN_CONSTANT_CONVERSION = YES;
				CLANG_WARN_DEPRECATED_OBJC_IMPLEMENTATIONS = YES;
				CLANG_WARN_DIRECT_OBJC_ISA_USAGE = YES_ERROR;
				CLANG_WARN_DOCUMENTATION_COMMENTS = YES;
				CLANG_WARN_EMPTY_BODY = YES;
				CLANG_WARN_ENUM_CONVERSION = YES;
				CLANG_WARN_INFINITE_RECURSION = YES;
				CLANG_WARN_INT_CONVERSION = YES;
				CLANG_WARN_NON_LITERAL_NULL_CONVERSION = YES;
				CLANG_WARN_OBJC_IMPLICIT_RETAIN_SELF = YES;
				CLANG_WARN_OBJC_LITERAL_CONVERSION = YES;
				CLANG_WARN_OBJC_ROOT_CLASS = YES_ERROR;
				CLANG_WARN_QUOTED_INCLUDE_IN_FRAMEWORK_HEADER = YES;
				CLANG_WARN_RANGE_LOOP_ANALYSIS = YES;
				CLANG_WARN_STRICT_PROTOTYPES = YES;
				CLANG_WARN_SUSPICIOUS_MOVE = YES;
				CLANG_WARN_UNGUARDED_AVAILABILITY = YES_AGGRESSIVE;
				CLANG_WARN_UNREACHABLE_CODE = YES;
				CLANG_WARN__DUPLICATE_METHOD_MATCH = YES;
				COPY_PHASE_STRIP = NO;
				DEBUG_INFORMATION_FORMAT = dwarf;
				ENABLE_STRICT_OBJC_MSGSEND = YES;
				ENABLE_TESTABILITY = YES;
				GCC_C_LANGUAGE_STANDARD = gnu11;
				GCC_DYNAMIC_NO_PIC = NO;
				GCC_NO_COMMON_BLOCKS = YES;
				GCC_OPTIMIZATION_LEVEL = 0;
				GCC_PREPROCESSOR_DEFINITIONS = (
					"DEBUG=1",
					"$(inherited)",
				);
				GCC_WARN_64_TO_32_BIT_CONVERSION = YES;
				GCC_WARN_ABOUT_RETURN_TYPE = YES_ERROR;
				GCC_WARN_UNDECLARED_SELECTOR = YES;
				GCC_WARN_UNINITIALIZED_AUTOS = YES_AGGRESSIVE;
				GCC_WARN_UNUSED_FUNCTION = YES;
				GCC_WARN_UNUSED_VARIABLE = YES;
				IPHONEOS_DEPLOYMENT_TARGET = 14.0;
				MTL_ENABLE_DEBUG_INFO = INCLUDE_SOURCE;
				MTL_FAST_MATH = YES;
				ONLY_ACTIVE_ARCH = YES;
				SDKROOT = iphoneos;
				SWIFT_ACTIVE_COMPILATION_CONDITIONS = DEBUG;
				SWIFT_OPTIMIZATION_LEVEL = "-Onone";
			};
			name = Debug;
		};
		954CDF192541E02800969C0A /* Release */ = {
			isa = XCBuildConfiguration;
			buildSettings = {
				ALWAYS_SEARCH_USER_PATHS = NO;
				CLANG_ANALYZER_NONNULL = YES;
				CLANG_ANALYZER_NUMBER_OBJECT_CONVERSION = YES_AGGRESSIVE;
				CLANG_CXX_LANGUAGE_STANDARD = "gnu++14";
				CLANG_CXX_LIBRARY = "libc++";
				CLANG_ENABLE_MODULES = YES;
				CLANG_ENABLE_OBJC_ARC = YES;
				CLANG_ENABLE_OBJC_WEAK = YES;
				CLANG_WARN_BLOCK_CAPTURE_AUTORELEASING = YES;
				CLANG_WARN_BOOL_CONVERSION = YES;
				CLANG_WARN_COMMA = YES;
				CLANG_WARN_CONSTANT_CONVERSION = YES;
				CLANG_WARN_DEPRECATED_OBJC_IMPLEMENTATIONS = YES;
				CLANG_WARN_DIRECT_OBJC_ISA_USAGE = YES_ERROR;
				CLANG_WARN_DOCUMENTATION_COMMENTS = YES;
				CLANG_WARN_EMPTY_BODY = YES;
				CLANG_WARN_ENUM_CONVERSION = YES;
				CLANG_WARN_INFINITE_RECURSION = YES;
				CLANG_WARN_INT_CONVERSION = YES;
				CLANG_WARN_NON_LITERAL_NULL_CONVERSION = YES;
				CLANG_WARN_OBJC_IMPLICIT_RETAIN_SELF = YES;
				CLANG_WARN_OBJC_LITERAL_CONVERSION = YES;
				CLANG_WARN_OBJC_ROOT_CLASS = YES_ERROR;
				CLANG_WARN_QUOTED_INCLUDE_IN_FRAMEWORK_HEADER = YES;
				CLANG_WARN_RANGE_LOOP_ANALYSIS = YES;
				CLANG_WARN_STRICT_PROTOTYPES = YES;
				CLANG_WARN_SUSPICIOUS_MOVE = YES;
				CLANG_WARN_UNGUARDED_AVAILABILITY = YES_AGGRESSIVE;
				CLANG_WARN_UNREACHABLE_CODE = YES;
				CLANG_WARN__DUPLICATE_METHOD_MATCH = YES;
				COPY_PHASE_STRIP = NO;
				DEBUG_INFORMATION_FORMAT = "dwarf-with-dsym";
				ENABLE_NS_ASSERTIONS = NO;
				ENABLE_STRICT_OBJC_MSGSEND = YES;
				GCC_C_LANGUAGE_STANDARD = gnu11;
				GCC_NO_COMMON_BLOCKS = YES;
				GCC_WARN_64_TO_32_BIT_CONVERSION = YES;
				GCC_WARN_ABOUT_RETURN_TYPE = YES_ERROR;
				GCC_WARN_UNDECLARED_SELECTOR = YES;
				GCC_WARN_UNINITIALIZED_AUTOS = YES_AGGRESSIVE;
				GCC_WARN_UNUSED_FUNCTION = YES;
				GCC_WARN_UNUSED_VARIABLE = YES;
				IPHONEOS_DEPLOYMENT_TARGET = 14.0;
				MTL_ENABLE_DEBUG_INFO = NO;
				MTL_FAST_MATH = YES;
				SDKROOT = iphoneos;
				SWIFT_COMPILATION_MODE = wholemodule;
				SWIFT_OPTIMIZATION_LEVEL = "-O";
				VALIDATE_PRODUCT = YES;
			};
			name = Release;
		};
		954CDF1B2541E02800969C0A /* Debug */ = {
			isa = XCBuildConfiguration;
			buildSettings = {
				ASSETCATALOG_COMPILER_APPICON_NAME = AppIcon;
				ASSETCATALOG_COMPILER_GLOBAL_ACCENT_COLOR_NAME = AccentColor;
				CODE_SIGN_STYLE = Automatic;
				DEVELOPMENT_ASSET_PATHS = "\"OKCovid SwiftUI/Preview Content\"";
				DEVELOPMENT_TEAM = 7HRBP97NH3;
				ENABLE_PREVIEWS = YES;
				INFOPLIST_FILE = "OKCovid SwiftUI/Info.plist";
				IPHONEOS_DEPLOYMENT_TARGET = 14.0;
				LD_RUNPATH_SEARCH_PATHS = (
					"$(inherited)",
					"@executable_path/Frameworks",
				);
				PRODUCT_BUNDLE_IDENTIFIER = "com.onderkosar.OKCovid-SwiftUI";
				PRODUCT_NAME = "$(TARGET_NAME)";
				SWIFT_VERSION = 5.0;
				TARGETED_DEVICE_FAMILY = "1,2";
			};
			name = Debug;
		};
		954CDF1C2541E02800969C0A /* Release */ = {
			isa = XCBuildConfiguration;
			buildSettings = {
				ASSETCATALOG_COMPILER_APPICON_NAME = AppIcon;
				ASSETCATALOG_COMPILER_GLOBAL_ACCENT_COLOR_NAME = AccentColor;
				CODE_SIGN_STYLE = Automatic;
				DEVELOPMENT_ASSET_PATHS = "\"OKCovid SwiftUI/Preview Content\"";
				DEVELOPMENT_TEAM = 7HRBP97NH3;
				ENABLE_PREVIEWS = YES;
				INFOPLIST_FILE = "OKCovid SwiftUI/Info.plist";
				IPHONEOS_DEPLOYMENT_TARGET = 14.0;
				LD_RUNPATH_SEARCH_PATHS = (
					"$(inherited)",
					"@executable_path/Frameworks",
				);
				PRODUCT_BUNDLE_IDENTIFIER = "com.onderkosar.OKCovid-SwiftUI";
				PRODUCT_NAME = "$(TARGET_NAME)";
				SWIFT_VERSION = 5.0;
				TARGETED_DEVICE_FAMILY = "1,2";
			};
			name = Release;
		};
/* End XCBuildConfiguration section */

/* Begin XCConfigurationList section */
		954CDF062541E02200969C0A /* Build configuration list for PBXProject "OKCovid SwiftUI" */ = {
			isa = XCConfigurationList;
			buildConfigurations = (
				954CDF182541E02800969C0A /* Debug */,
				954CDF192541E02800969C0A /* Release */,
			);
			defaultConfigurationIsVisible = 0;
			defaultConfigurationName = Release;
		};
		954CDF1A2541E02800969C0A /* Build configuration list for PBXNativeTarget "OKCovid SwiftUI" */ = {
			isa = XCConfigurationList;
			buildConfigurations = (
				954CDF1B2541E02800969C0A /* Debug */,
				954CDF1C2541E02800969C0A /* Release */,
			);
			defaultConfigurationIsVisible = 0;
			defaultConfigurationName = Release;
		};
/* End XCConfigurationList section */
	};
	rootObject = 954CDF032541E02200969C0A /* Project object */;
}
